// !$*UTF8*$!
{
	archiveVersion = 1;
	classes = {
	};
	objectVersion = 46;
	objects = {

/* Begin PBXBuildFile section */
		A2C663D41D83997900095A3F /* main.m in Sources */ = {isa = PBXBuildFile; fileRef = A2C663D31D83997900095A3F /* main.m */; };
		A2C663D71D83997900095A3F /* AppDelegate.m in Sources */ = {isa = PBXBuildFile; fileRef = A2C663D61D83997900095A3F /* AppDelegate.m */; };
		A2C663DA1D83997900095A3F /* ViewController.m in Sources */ = {isa = PBXBuildFile; fileRef = A2C663D91D83997900095A3F /* ViewController.m */; };
		A2C663DD1D83997900095A3F /* Main.storyboard in Resources */ = {isa = PBXBuildFile; fileRef = A2C663DB1D83997900095A3F /* Main.storyboard */; };
		A2C663DF1D83997900095A3F /* Assets.xcassets in Resources */ = {isa = PBXBuildFile; fileRef = A2C663DE1D83997900095A3F /* Assets.xcassets */; };
		A2C663E21D83997900095A3F /* LaunchScreen.storyboard in Resources */ = {isa = PBXBuildFile; fileRef = A2C663E01D83997900095A3F /* LaunchScreen.storyboard */; };
		A2C663ED1D83997A00095A3F /* OraChatTests.m in Sources */ = {isa = PBXBuildFile; fileRef = A2C663EC1D83997A00095A3F /* OraChatTests.m */; };
		A2C663F81D83997A00095A3F /* OraChatUITests.m in Sources */ = {isa = PBXBuildFile; fileRef = A2C663F71D83997A00095A3F /* OraChatUITests.m */; };
/* End PBXBuildFile section */

/* Begin PBXContainerItemProxy section */
		A2C663E91D83997A00095A3F /* PBXContainerItemProxy */ = {
			isa = PBXContainerItemProxy;
			containerPortal = A2C663C71D83997900095A3F /* Project object */;
			proxyType = 1;
			remoteGlobalIDString = A2C663CE1D83997900095A3F;
			remoteInfo = OraChat;
		};
		A2C663F41D83997A00095A3F /* PBXContainerItemProxy */ = {
			isa = PBXContainerItemProxy;
			containerPortal = A2C663C71D83997900095A3F /* Project object */;
			proxyType = 1;
			remoteGlobalIDString = A2C663CE1D83997900095A3F;
			remoteInfo = OraChat;
		};
/* End PBXContainerItemProxy section */

/* Begin PBXFileReference section */
		A2C663CF1D83997900095A3F /* OraChat.app */ = {isa = PBXFileReference; explicitFileType = wrapper.application; includeInIndex = 0; path = OraChat.app; sourceTree = BUILT_PRODUCTS_DIR; };
		A2C663D31D83997900095A3F /* main.m */ = {isa = PBXFileReference; lastKnownFileType = sourcecode.c.objc; path = main.m; sourceTree = "<group>"; };
		A2C663D51D83997900095A3F /* AppDelegate.h */ = {isa = PBXFileReference; lastKnownFileType = sourcecode.c.h; path = AppDelegate.h; sourceTree = "<group>"; };
		A2C663D61D83997900095A3F /* AppDelegate.m */ = {isa = PBXFileReference; lastKnownFileType = sourcecode.c.objc; path = AppDelegate.m; sourceTree = "<group>"; };
		A2C663D81D83997900095A3F /* ViewController.h */ = {isa = PBXFileReference; lastKnownFileType = sourcecode.c.h; path = ViewController.h; sourceTree = "<group>"; };
		A2C663D91D83997900095A3F /* ViewController.m */ = {isa = PBXFileReference; lastKnownFileType = sourcecode.c.objc; path = ViewController.m; sourceTree = "<group>"; };
		A2C663DC1D83997900095A3F /* Base */ = {isa = PBXFileReference; lastKnownFileType = file.storyboard; name = Base; path = Base.lproj/Main.storyboard; sourceTree = "<group>"; };
		A2C663DE1D83997900095A3F /* Assets.xcassets */ = {isa = PBXFileReference; lastKnownFileType = folder.assetcatalog; path = Assets.xcassets; sourceTree = "<group>"; };
		A2C663E11D83997900095A3F /* Base */ = {isa = PBXFileReference; lastKnownFileType = file.storyboard; name = Base; path = Base.lproj/LaunchScreen.storyboard; sourceTree = "<group>"; };
		A2C663E31D83997A00095A3F /* Info.plist */ = {isa = PBXFileReference; lastKnownFileType = text.plist.xml; path = Info.plist; sourceTree = "<group>"; };
		A2C663E81D83997A00095A3F /* OraChatTests.xctest */ = {isa = PBXFileReference; explicitFileType = wrapper.cfbundle; includeInIndex = 0; path = OraChatTests.xctest; sourceTree = BUILT_PRODUCTS_DIR; };
		A2C663EC1D83997A00095A3F /* OraChatTests.m */ = {isa = PBXFileReference; lastKnownFileType = sourcecode.c.objc; path = OraChatTests.m; sourceTree = "<group>"; };
		A2C663EE1D83997A00095A3F /* Info.plist */ = {isa = PBXFileReference; lastKnownFileType = text.plist.xml; path = Info.plist; sourceTree = "<group>"; };
		A2C663F31D83997A00095A3F /* OraChatUITests.xctest */ = {isa = PBXFileReference; explicitFileType = wrapper.cfbundle; includeInIndex = 0; path = OraChatUITests.xctest; sourceTree = BUILT_PRODUCTS_DIR; };
		A2C663F71D83997A00095A3F /* OraChatUITests.m */ = {isa = PBXFileReference; lastKnownFileType = sourcecode.c.objc; path = OraChatUITests.m; sourceTree = "<group>"; };
		A2C663F91D83997A00095A3F /* Info.plist */ = {isa = PBXFileReference; lastKnownFileType = text.plist.xml; path = Info.plist; sourceTree = "<group>"; };
/* End PBXFileReference section */

/* Begin PBXFrameworksBuildPhase section */
		A2C663CC1D83997900095A3F /* Frameworks */ = {
			isa = PBXFrameworksBuildPhase;
			buildActionMask = 2147483647;
			files = (
			);
			runOnlyForDeploymentPostprocessing = 0;
		};
		A2C663E51D83997A00095A3F /* Frameworks */ = {
			isa = PBXFrameworksBuildPhase;
			buildActionMask = 2147483647;
			files = (
			);
			runOnlyForDeploymentPostprocessing = 0;
		};
		A2C663F01D83997A00095A3F /* Frameworks */ = {
			isa = PBXFrameworksBuildPhase;
			buildActionMask = 2147483647;
			files = (
			);
			runOnlyForDeploymentPostprocessing = 0;
		};
/* End PBXFrameworksBuildPhase section */

/* Begin PBXGroup section */
		A2C663C61D83997900095A3F = {
			isa = PBXGroup;
			children = (
				A2C663D11D83997900095A3F /* OraChat */,
				A2C663EB1D83997A00095A3F /* OraChatTests */,
				A2C663F61D83997A00095A3F /* OraChatUITests */,
				A2C663D01D83997900095A3F /* Products */,
			);
			sourceTree = "<group>";
		};
		A2C663D01D83997900095A3F /* Products */ = {
			isa = PBXGroup;
			children = (
				A2C663CF1D83997900095A3F /* OraChat.app */,
				A2C663E81D83997A00095A3F /* OraChatTests.xctest */,
				A2C663F31D83997A00095A3F /* OraChatUITests.xctest */,
			);
			name = Products;
			sourceTree = "<group>";
		};
		A2C663D11D83997900095A3F /* OraChat */ = {
			isa = PBXGroup;
			children = (
				A2C663D51D83997900095A3F /* AppDelegate.h */,
				A2C663D61D83997900095A3F /* AppDelegate.m */,
				A2C663D81D83997900095A3F /* ViewController.h */,
				A2C663D91D83997900095A3F /* ViewController.m */,
				A2C663DB1D83997900095A3F /* Main.storyboard */,
				A2C663DE1D83997900095A3F /* Assets.xcassets */,
				A2C663E01D83997900095A3F /* LaunchScreen.storyboard */,
				A2C663E31D83997A00095A3F /* Info.plist */,
				A2C663D21D83997900095A3F /* Supporting Files */,
			);
			path = OraChat;
			sourceTree = "<group>";
		};
		A2C663D21D83997900095A3F /* Supporting Files */ = {
			isa = PBXGroup;
			children = (
				A2C663D31D83997900095A3F /* main.m */,
			);
			name = "Supporting Files";
			sourceTree = "<group>";
		};
		A2C663EB1D83997A00095A3F /* OraChatTests */ = {
			isa = PBXGroup;
			children = (
				A2C663EC1D83997A00095A3F /* OraChatTests.m */,
				A2C663EE1D83997A00095A3F /* Info.plist */,
			);
			path = OraChatTests;
			sourceTree = "<group>";
		};
		A2C663F61D83997A00095A3F /* OraChatUITests */ = {
			isa = PBXGroup;
			children = (
				A2C663F71D83997A00095A3F /* OraChatUITests.m */,
				A2C663F91D83997A00095A3F /* Info.plist */,
			);
			path = OraChatUITests;
			sourceTree = "<group>";
		};
/* End PBXGroup section */

/* Begin PBXNativeTarget section */
		A2C663CE1D83997900095A3F /* OraChat */ = {
			isa = PBXNativeTarget;
			buildConfigurationList = A2C663FC1D83997A00095A3F /* Build configuration list for PBXNativeTarget "OraChat" */;
			buildPhases = (
				A2C663CB1D83997900095A3F /* Sources */,
				A2C663CC1D83997900095A3F /* Frameworks */,
				A2C663CD1D83997900095A3F /* Resources */,
			);
			buildRules = (
			);
			dependencies = (
			);
			name = OraChat;
			productName = OraChat;
			productReference = A2C663CF1D83997900095A3F /* OraChat.app */;
			productType = "com.apple.product-type.application";
		};
		A2C663E71D83997A00095A3F /* OraChatTests */ = {
			isa = PBXNativeTarget;
			buildConfigurationList = A2C663FF1D83997A00095A3F /* Build configuration list for PBXNativeTarget "OraChatTests" */;
			buildPhases = (
				A2C663E41D83997A00095A3F /* Sources */,
				A2C663E51D83997A00095A3F /* Frameworks */,
				A2C663E61D83997A00095A3F /* Resources */,
			);
			buildRules = (
			);
			dependencies = (
				A2C663EA1D83997A00095A3F /* PBXTargetDependency */,
			);
			name = OraChatTests;
			productName = OraChatTests;
			productReference = A2C663E81D83997A00095A3F /* OraChatTests.xctest */;
			productType = "com.apple.product-type.bundle.unit-test";
		};
		A2C663F21D83997A00095A3F /* OraChatUITests */ = {
			isa = PBXNativeTarget;
			buildConfigurationList = A2C664021D83997A00095A3F /* Build configuration list for PBXNativeTarget "OraChatUITests" */;
			buildPhases = (
				A2C663EF1D83997A00095A3F /* Sources */,
				A2C663F01D83997A00095A3F /* Frameworks */,
				A2C663F11D83997A00095A3F /* Resources */,
			);
			buildRules = (
			);
			dependencies = (
				A2C663F51D83997A00095A3F /* PBXTargetDependency */,
			);
			name = OraChatUITests;
			productName = OraChatUITests;
			productReference = A2C663F31D83997A00095A3F /* OraChatUITests.xctest */;
			productType = "com.apple.product-type.bundle.ui-testing";
		};
/* End PBXNativeTarget section */

/* Begin PBXProject section */
		A2C663C71D83997900095A3F /* Project object */ = {
			isa = PBXProject;
			attributes = {
				LastUpgradeCheck = 0730;
				ORGANIZATIONNAME = "Xinfang Yuan";
				TargetAttributes = {
					A2C663CE1D83997900095A3F = {
						CreatedOnToolsVersion = 7.3.1;
					};
					A2C663E71D83997A00095A3F = {
						CreatedOnToolsVersion = 7.3.1;
						TestTargetID = A2C663CE1D83997900095A3F;
					};
					A2C663F21D83997A00095A3F = {
						CreatedOnToolsVersion = 7.3.1;
						TestTargetID = A2C663CE1D83997900095A3F;
					};
				};
			};
			buildConfigurationList = A2C663CA1D83997900095A3F /* Build configuration list for PBXProject "OraChat" */;
			compatibilityVersion = "Xcode 3.2";
			developmentRegion = English;
			hasScannedForEncodings = 0;
			knownRegions = (
				en,
				Base,
			);
			mainGroup = A2C663C61D83997900095A3F;
			productRefGroup = A2C663D01D83997900095A3F /* Products */;
			projectDirPath = "";
			projectRoot = "";
			targets = (
				A2C663CE1D83997900095A3F /* OraChat */,
				A2C663E71D83997A00095A3F /* OraChatTests */,
				A2C663F21D83997A00095A3F /* OraChatUITests */,
			);
		};
/* End PBXProject section */

/* Begin PBXResourcesBuildPhase section */
		A2C663CD1D83997900095A3F /* Resources */ = {
			isa = PBXResourcesBuildPhase;
			buildActionMask = 2147483647;
			files = (
				A2C663E21D83997900095A3F /* LaunchScreen.storyboard in Resources */,
				A2C663DF1D83997900095A3F /* Assets.xcassets in Resources */,
				A2C663DD1D83997900095A3F /* Main.storyboard in Resources */,
			);
			runOnlyForDeploymentPostprocessing = 0;
		};
		A2C663E61D83997A00095A3F /* Resources */ = {
			isa = PBXResourcesBuildPhase;
			buildActionMask = 2147483647;
			files = (
			);
			runOnlyForDeploymentPostprocessing = 0;
		};
		A2C663F11D83997A00095A3F /* Resources */ = {
			isa = PBXResourcesBuildPhase;
			buildActionMask = 2147483647;
			files = (
			);
			runOnlyForDeploymentPostprocessing = 0;
		};
/* End PBXResourcesBuildPhase section */

/* Begin PBXSourcesBuildPhase section */
		A2C663CB1D83997900095A3F /* Sources */ = {
			isa = PBXSourcesBuildPhase;
			buildActionMask = 2147483647;
			files = (
				A2C663DA1D83997900095A3F /* ViewController.m in Sources */,
				A2C663D71D83997900095A3F /* AppDelegate.m in Sources */,
				A2C663D41D83997900095A3F /* main.m in Sources */,
			);
			runOnlyForDeploymentPostprocessing = 0;
		};
		A2C663E41D83997A00095A3F /* Sources */ = {
			isa = PBXSourcesBuildPhase;
			buildActionMask = 2147483647;
			files = (
				A2C663ED1D83997A00095A3F /* OraChatTests.m in Sources */,
			);
			runOnlyForDeploymentPostprocessing = 0;
		};
		A2C663EF1D83997A00095A3F /* Sources */ = {
			isa = PBXSourcesBuildPhase;
			buildActionMask = 2147483647;
			files = (
				A2C663F81D83997A00095A3F /* OraChatUITests.m in Sources */,
			);
			runOnlyForDeploymentPostprocessing = 0;
		};
/* End PBXSourcesBuildPhase section */

/* Begin PBXTargetDependency section */
		A2C663EA1D83997A00095A3F /* PBXTargetDependency */ = {
			isa = PBXTargetDependency;
			target = A2C663CE1D83997900095A3F /* OraChat */;
			targetProxy = A2C663E91D83997A00095A3F /* PBXContainerItemProxy */;
		};
		A2C663F51D83997A00095A3F /* PBXTargetDependency */ = {
			isa = PBXTargetDependency;
			target = A2C663CE1D83997900095A3F /* OraChat */;
			targetProxy = A2C663F41D83997A00095A3F /* PBXContainerItemProxy */;
		};
/* End PBXTargetDependency section */

/* Begin PBXVariantGroup section */
		A2C663DB1D83997900095A3F /* Main.storyboard */ = {
			isa = PBXVariantGroup;
			children = (
				A2C663DC1D83997900095A3F /* Base */,
			);
			name = Main.storyboard;
			sourceTree = "<group>";
		};
		A2C663E01D83997900095A3F /* LaunchScreen.storyboard */ = {
			isa = PBXVariantGroup;
			children = (
				A2C663E11D83997900095A3F /* Base */,
			);
			name = LaunchScreen.storyboard;
			sourceTree = "<group>";
		};
/* End PBXVariantGroup section */

/* Begin XCBuildConfiguration section */
		A2C663FA1D83997A00095A3F /* Debug */ = {
			isa = XCBuildConfiguration;
			buildSettings = {
				ALWAYS_SEARCH_USER_PATHS = NO;
				CLANG_ANALYZER_NONNULL = YES;
				CLANG_CXX_LANGUAGE_STANDARD = "gnu++0x";
				CLANG_CXX_LIBRARY = "libc++";
				CLANG_ENABLE_MODULES = YES;
				CLANG_ENABLE_OBJC_ARC = YES;
				CLANG_WARN_BOOL_CONVERSION = YES;
				CLANG_WARN_CONSTANT_CONVERSION = YES;
				CLANG_WARN_DIRECT_OBJC_ISA_USAGE = YES_ERROR;
				CLANG_WARN_EMPTY_BODY = YES;
				CLANG_WARN_ENUM_CONVERSION = YES;
				CLANG_WARN_INT_CONVERSION = YES;
				CLANG_WARN_OBJC_ROOT_CLASS = YES_ERROR;
				CLANG_WARN_UNREACHABLE_CODE = YES;
				CLANG_WARN__DUPLICATE_METHOD_MATCH = YES;
				"CODE_SIGN_IDENTITY[sdk=iphoneos*]" = "iPhone Developer";
				COPY_PHASE_STRIP = NO;
				DEBUG_INFORMATION_FORMAT = dwarf;
				ENABLE_STRICT_OBJC_MSGSEND = YES;
				ENABLE_TESTABILITY = YES;
				GCC_C_LANGUAGE_STANDARD = gnu99;
				GCC_DYNAMIC_NO_PIC = NO;
				GCC_NO_COMMON_BLOCKS = YES;
				GCC_OPTIMIZATION_LEVEL = 0;
				GCC_PREPROCESSOR_DEFINITIONS = (
					"DEBUG=1",
					"$(inherited)",
				);
				GCC_WARN_64_TO_32_BIT_CONVERSION = YES;
				GCC_WARN_ABOUT_RETURN_TYPE = YES_ERROR;
				GCC_WARN_UNDECLARED_SELECTOR = YES;
				GCC_WARN_UNINITIALIZED_AUTOS = YES_AGGRESSIVE;
				GCC_WARN_UNUSED_FUNCTION = YES;
				GCC_WARN_UNUSED_VARIABLE = YES;
				IPHONEOS_DEPLOYMENT_TARGET = 9.3;
				MTL_ENABLE_DEBUG_INFO = YES;
				ONLY_ACTIVE_ARCH = YES;
				SDKROOT = iphoneos;
			};
			name = Debug;
		};
		A2C663FB1D83997A00095A3F /* Release */ = {
			isa = XCBuildConfiguration;
			buildSettings = {
				ALWAYS_SEARCH_USER_PATHS = NO;
				CLANG_ANALYZER_NONNULL = YES;
				CLANG_CXX_LANGUAGE_STANDARD = "gnu++0x";
				CLANG_CXX_LIBRARY = "libc++";
				CLANG_ENABLE_MODULES = YES;
				CLANG_ENABLE_OBJC_ARC = YES;
				CLANG_WARN_BOOL_CONVERSION = YES;
				CLANG_WARN_CONSTANT_CONVERSION = YES;
				CLANG_WARN_DIRECT_OBJC_ISA_USAGE = YES_ERROR;
				CLANG_WARN_EMPTY_BODY = YES;
				CLANG_WARN_ENUM_CONVERSION = YES;
				CLANG_WARN_INT_CONVERSION = YES;
				CLANG_WARN_OBJC_ROOT_CLASS = YES_ERROR;
				CLANG_WARN_UNREACHABLE_CODE = YES;
				CLANG_WARN__DUPLICATE_METHOD_MATCH = YES;
				"CODE_SIGN_IDENTITY[sdk=iphoneos*]" = "iPhone Developer";
				COPY_PHASE_STRIP = NO;
				DEBUG_INFORMATION_FORMAT = "dwarf-with-dsym";
				ENABLE_NS_ASSERTIONS = NO;
				ENABLE_STRICT_OBJC_MSGSEND = YES;
				GCC_C_LANGUAGE_STANDARD = gnu99;
				GCC_NO_COMMON_BLOCKS = YES;
				GCC_WARN_64_TO_32_BIT_CONVERSION = YES;
				GCC_WARN_ABOUT_RETURN_TYPE = YES_ERROR;
				GCC_WARN_UNDECLARED_SELECTOR = YES;
				GCC_WARN_UNINITIALIZED_AUTOS = YES_AGGRESSIVE;
				GCC_WARN_UNUSED_FUNCTION = YES;
				GCC_WARN_UNUSED_VARIABLE = YES;
				IPHONEOS_DEPLOYMENT_TARGET = 9.3;
				MTL_ENABLE_DEBUG_INFO = NO;
				SDKROOT = iphoneos;
				VALIDATE_PRODUCT = YES;
			};
			name = Release;
		};
		A2C663FD1D83997A00095A3F /* Debug */ = {
			isa = XCBuildConfiguration;
			buildSettings = {
				ASSETCATALOG_COMPILER_APPICON_NAME = AppIcon;
				INFOPLIST_FILE = OraChat/Info.plist;
				LD_RUNPATH_SEARCH_PATHS = "$(inherited) @executable_path/Frameworks";
				PRODUCT_BUNDLE_IDENTIFIER = Ora.OraChat;
				PRODUCT_NAME = "$(TARGET_NAME)";
			};
			name = Debug;
		};
		A2C663FE1D83997A00095A3F /* Release */ = {
			isa = XCBuildConfiguration;
			buildSettings = {
				ASSETCATALOG_COMPILER_APPICON_NAME = AppIcon;
				INFOPLIST_FILE = OraChat/Info.plist;
				LD_RUNPATH_SEARCH_PATHS = "$(inherited) @executable_path/Frameworks";
				PRODUCT_BUNDLE_IDENTIFIER = Ora.OraChat;
				PRODUCT_NAME = "$(TARGET_NAME)";
			};
			name = Release;
		};
		A2C664001D83997A00095A3F /* Debug */ = {
			isa = XCBuildConfiguration;
			buildSettings = {
				BUNDLE_LOADER = "$(TEST_HOST)";
				INFOPLIST_FILE = OraChatTests/Info.plist;
				LD_RUNPATH_SEARCH_PATHS = "$(inherited) @executable_path/Frameworks @loader_path/Frameworks";
				PRODUCT_BUNDLE_IDENTIFIER = Ora.OraChatTests;
				PRODUCT_NAME = "$(TARGET_NAME)";
				TEST_HOST = "$(BUILT_PRODUCTS_DIR)/OraChat.app/OraChat";
			};
			name = Debug;
		};
		A2C664011D83997A00095A3F /* Release */ = {
			isa = XCBuildConfiguration;
			buildSettings = {
				BUNDLE_LOADER = "$(TEST_HOST)";
				INFOPLIST_FILE = OraChatTests/Info.plist;
				LD_RUNPATH_SEARCH_PATHS = "$(inherited) @executable_path/Frameworks @loader_path/Frameworks";
				PRODUCT_BUNDLE_IDENTIFIER = Ora.OraChatTests;
				PRODUCT_NAME = "$(TARGET_NAME)";
				TEST_HOST = "$(BUILT_PRODUCTS_DIR)/OraChat.app/OraChat";
			};
			name = Release;
		};
		A2C664031D83997A00095A3F /* Debug */ = {
			isa = XCBuildConfiguration;
			buildSettings = {
				INFOPLIST_FILE = OraChatUITests/Info.plist;
				LD_RUNPATH_SEARCH_PATHS = "$(inherited) @executable_path/Frameworks @loader_path/Frameworks";
				PRODUCT_BUNDLE_IDENTIFIER = Ora.OraChatUITests;
				PRODUCT_NAME = "$(TARGET_NAME)";
				TEST_TARGET_NAME = OraChat;
			};
			name = Debug;
		};
		A2C664041D83997A00095A3F /* Release */ = {
			isa = XCBuildConfiguration;
			buildSettings = {
				INFOPLIST_FILE = OraChatUITests/Info.plist;
				LD_RUNPATH_SEARCH_PATHS = "$(inherited) @executable_path/Frameworks @loader_path/Frameworks";
				PRODUCT_BUNDLE_IDENTIFIER = Ora.OraChatUITests;
				PRODUCT_NAME = "$(TARGET_NAME)";
				TEST_TARGET_NAME = OraChat;
			};
			name = Release;
		};
/* End XCBuildConfiguration section */

/* Begin XCConfigurationList section */
		A2C663CA1D83997900095A3F /* Build configuration list for PBXProject "OraChat" */ = {
			isa = XCConfigurationList;
			buildConfigurations = (
				A2C663FA1D83997A00095A3F /* Debug */,
				A2C663FB1D83997A00095A3F /* Release */,
			);
			defaultConfigurationIsVisible = 0;
			defaultConfigurationName = Release;
		};
		A2C663FC1D83997A00095A3F /* Build configuration list for PBXNativeTarget "OraChat" */ = {
			isa = XCConfigurationList;
			buildConfigurations = (
				A2C663FD1D83997A00095A3F /* Debug */,
				A2C663FE1D83997A00095A3F /* Release */,
			);
			defaultConfigurationIsVisible = 0;
		};
		A2C663FF1D83997A00095A3F /* Build configuration list for PBXNativeTarget "OraChatTests" */ = {
			isa = XCConfigurationList;
			buildConfigurations = (
				A2C664001D83997A00095A3F /* Debug */,
				A2C664011D83997A00095A3F /* Release */,
			);
			defaultConfigurationIsVisible = 0;
		};
		A2C664021D83997A00095A3F /* Build configuration list for PBXNativeTarget "OraChatUITests" */ = {
			isa = XCConfigurationList;
			buildConfigurations = (
				A2C664031D83997A00095A3F /* Debug */,
				A2C664041D83997A00095A3F /* Release */,
			);
			defaultConfigurationIsVisible = 0;
		};
/* End XCConfigurationList section */
	};
	rootObject = A2C663C71D83997900095A3F /* Project object */;
}
